
Microsoft Visual Studio Solution File, Format Version 12.00
# Visual Studio Version 17
VisualStudioVersion = 17.9.34723.18
MinimumVisualStudioVersion = 10.0.40219.1
Project("{FAE04EC0-301F-11D3-BF4B-00C04F79EFBC}") = "HomeTask_5.1.NET", "HomeTask_5.1.NET.csproj", "{A17F6162-CABE-45B3-97CE-2BF6193EDC24}"
EndProject
Global
	GlobalSection(SolutionConfigurationPlatforms) = preSolution
		Debug|Any CPU = Debug|Any CPU
		Release|Any CPU = Release|Any CPU
	EndGlobalSection
	GlobalSection(ProjectConfigurationPlatforms) = postSolution
		{A17F6162-CABE-45B3-97CE-2BF6193EDC24}.Debug|Any CPU.ActiveCfg = Debug|Any CPU
		{A17F6162-CABE-45B3-97CE-2BF6193EDC24}.Debug|Any CPU.Build.0 = Debug|Any CPU
		{A17F6162-CABE-45B3-97CE-2BF6193EDC24}.Release|Any CPU.ActiveCfg = Release|Any CPU
		{A17F6162-CABE-45B3-97CE-2BF6193EDC24}.Release|Any CPU.Build.0 = Release|Any CPU
	EndGlobalSection
	GlobalSection(SolutionProperties) = preSolution
		HideSolutionNode = FALSE
	EndGlobalSection
	GlobalSection(ExtensibilityGlobals) = postSolution
		SolutionGuid = {59F652F8-4AAA-42AD-98B6-5B328EF8B0EA}
	EndGlobalSection
EndGlobal
